
Microsoft Visual Studio Solution File, Format Version 12.00
Project("{FAE04EC0-301F-11D3-BF4B-00C04F79EFBC}") = "UnitySocket", "UnitySocket\UnitySocket.csproj", "{0EFDC804-BF91-4ECC-92E6-490886F46413}"
EndProject
Global
	GlobalSection(SolutionConfigurationPlatforms) = preSolution
		Debug|Any CPU = Debug|Any CPU
		Release|Any CPU = Release|Any CPU
	EndGlobalSection
	GlobalSection(ProjectConfigurationPlatforms) = postSolution
		{0EFDC804-BF91-4ECC-92E6-490886F46413}.Debug|Any CPU.ActiveCfg = Debug|Any CPU
		{0EFDC804-BF91-4ECC-92E6-490886F46413}.Debug|Any CPU.Build.0 = Debug|Any CPU
		{0EFDC804-BF91-4ECC-92E6-490886F46413}.Release|Any CPU.ActiveCfg = Release|Any CPU
		{0EFDC804-BF91-4ECC-92E6-490886F46413}.Release|Any CPU.Build.0 = Release|Any CPU
	EndGlobalSection
EndGlobal
